
Microsoft Visual Studio Solution File, Format Version 12.00
# Visual Studio Version 16
VisualStudioVersion = 16.0.30804.86
MinimumVisualStudioVersion = 10.0.40219.1
Project("{9A19103F-16F7-4668-BE54-9A1E7A4F7556}") = "WebQLSV", "WebQLSV\WebQLSV.csproj", "{C3B0A35D-B3F0-45FC-9517-04FE07ACDA40}"
EndProject
Global
	GlobalSection(SolutionConfigurationPlatforms) = preSolution
		Debug|Any CPU = Debug|Any CPU
		Release|Any CPU = Release|Any CPU
	EndGlobalSection
	GlobalSection(ProjectConfigurationPlatforms) = postSolution
		{C3B0A35D-B3F0-45FC-9517-04FE07ACDA40}.Debug|Any CPU.ActiveCfg = Debug|Any CPU
		{C3B0A35D-B3F0-45FC-9517-04FE07ACDA40}.Debug|Any CPU.Build.0 = Debug|Any CPU
		{C3B0A35D-B3F0-45FC-9517-04FE07ACDA40}.Release|Any CPU.ActiveCfg = Release|Any CPU
		{C3B0A35D-B3F0-45FC-9517-04FE07ACDA40}.Release|Any CPU.Build.0 = Release|Any CPU
	EndGlobalSection
	GlobalSection(SolutionProperties) = preSolution
		HideSolutionNode = FALSE
	EndGlobalSection
	GlobalSection(ExtensibilityGlobals) = postSolution
		SolutionGuid = {2167C7FD-3A1F-43CC-B29C-DDA88D3E04AB}
	EndGlobalSection
EndGlobal
